
Microsoft Visual Studio Solution File, Format Version 12.00
# Visual Studio Version 17
VisualStudioVersion = 17.2.32505.173
MinimumVisualStudioVersion = 10.0.40219.1
Project("{FAE04EC0-301F-11D3-BF4B-00C04F79EFBC}") = "20220527_Output", "20220527_Output\20220527_Output.csproj", "{7840696A-B92F-4E63-AD80-F4F518877540}"
EndProject
Global
	GlobalSection(SolutionConfigurationPlatforms) = preSolution
		Debug|Any CPU = Debug|Any CPU
		Release|Any CPU = Release|Any CPU
	EndGlobalSection
	GlobalSection(ProjectConfigurationPlatforms) = postSolution
		{7840696A-B92F-4E63-AD80-F4F518877540}.Debug|Any CPU.ActiveCfg = Debug|Any CPU
		{7840696A-B92F-4E63-AD80-F4F518877540}.Debug|Any CPU.Build.0 = Debug|Any CPU
		{7840696A-B92F-4E63-AD80-F4F518877540}.Release|Any CPU.ActiveCfg = Release|Any CPU
		{7840696A-B92F-4E63-AD80-F4F518877540}.Release|Any CPU.Build.0 = Release|Any CPU
	EndGlobalSection
	GlobalSection(SolutionProperties) = preSolution
		HideSolutionNode = FALSE
	EndGlobalSection
	GlobalSection(ExtensibilityGlobals) = postSolution
		SolutionGuid = {A7717077-B588-4D3C-9CA9-6CF52090FADC}
	EndGlobalSection
EndGlobal
